
Microsoft Visual Studio Solution File, Format Version 12.00
# Visual Studio Version 16
VisualStudioVersion = 16.0.31613.86
MinimumVisualStudioVersion = 10.0.40219.1
Project("{FAE04EC0-301F-11D3-BF4B-00C04F79EFBC}") = "Calculadora", "Calculadora\Calculadora.csproj", "{5AACCD6F-2969-40EE-8F03-FDB7C8C21E64}"
EndProject
Global
	GlobalSection(SolutionConfigurationPlatforms) = preSolution
		Debug|Any CPU = Debug|Any CPU
		Release|Any CPU = Release|Any CPU
	EndGlobalSection
	GlobalSection(ProjectConfigurationPlatforms) = postSolution
		{5AACCD6F-2969-40EE-8F03-FDB7C8C21E64}.Debug|Any CPU.ActiveCfg = Debug|Any CPU
		{5AACCD6F-2969-40EE-8F03-FDB7C8C21E64}.Debug|Any CPU.Build.0 = Debug|Any CPU
		{5AACCD6F-2969-40EE-8F03-FDB7C8C21E64}.Release|Any CPU.ActiveCfg = Release|Any CPU
		{5AACCD6F-2969-40EE-8F03-FDB7C8C21E64}.Release|Any CPU.Build.0 = Release|Any CPU
	EndGlobalSection
	GlobalSection(SolutionProperties) = preSolution
		HideSolutionNode = FALSE
	EndGlobalSection
	GlobalSection(ExtensibilityGlobals) = postSolution
		SolutionGuid = {0118B751-5A41-4341-A1B4-9286CA0E3C31}
	EndGlobalSection
EndGlobal
